
Microsoft Visual Studio Solution File, Format Version 12.00
# Visual Studio Version 17
VisualStudioVersion = 17.5.33516.290
MinimumVisualStudioVersion = 10.0.40219.1
Project("{9A19103F-16F7-4668-BE54-9A1E7A4F7556}") = "TraversalSite", "TraversalSite\TraversalSite.csproj", "{A62DBC7C-19CC-4526-9422-58681B124128}"
EndProject
Project("{9A19103F-16F7-4668-BE54-9A1E7A4F7556}") = "EntityLayer", "EntityLayer\EntityLayer.csproj", "{28268098-2A1D-435C-BF61-3D1C525C08D8}"
EndProject
Project("{9A19103F-16F7-4668-BE54-9A1E7A4F7556}") = "DataAccessLayer", "DataAccessLayer\DataAccessLayer.csproj", "{31044344-E979-4C93-B3F3-820C081A23CA}"
EndProject
Project("{9A19103F-16F7-4668-BE54-9A1E7A4F7556}") = "BusinessLayer", "BusinessLayer\BusinessLayer.csproj", "{79F1773F-BA81-42B8-8D10-281DD43A1B2A}"
EndProject
Project("{FAE04EC0-301F-11D3-BF4B-00C04F79EFBC}") = "DtoLayer", "DtoLayer\DtoLayer.csproj", "{1EFE5124-221E-499D-9216-345BE13F46D5}"
EndProject
Global
	GlobalSection(SolutionConfigurationPlatforms) = preSolution
		Debug|Any CPU = Debug|Any CPU
		Release|Any CPU = Release|Any CPU
	EndGlobalSection
	GlobalSection(ProjectConfigurationPlatforms) = postSolution
		{A62DBC7C-19CC-4526-9422-58681B124128}.Debug|Any CPU.ActiveCfg = Debug|Any CPU
		{A62DBC7C-19CC-4526-9422-58681B124128}.Debug|Any CPU.Build.0 = Debug|Any CPU
		{A62DBC7C-19CC-4526-9422-58681B124128}.Release|Any CPU.ActiveCfg = Release|Any CPU
		{A62DBC7C-19CC-4526-9422-58681B124128}.Release|Any CPU.Build.0 = Release|Any CPU
		{28268098-2A1D-435C-BF61-3D1C525C08D8}.Debug|Any CPU.ActiveCfg = Debug|Any CPU
		{28268098-2A1D-435C-BF61-3D1C525C08D8}.Debug|Any CPU.Build.0 = Debug|Any CPU
		{28268098-2A1D-435C-BF61-3D1C525C08D8}.Release|Any CPU.ActiveCfg = Release|Any CPU
		{28268098-2A1D-435C-BF61-3D1C525C08D8}.Release|Any CPU.Build.0 = Release|Any CPU
		{31044344-E979-4C93-B3F3-820C081A23CA}.Debug|Any CPU.ActiveCfg = Debug|Any CPU
		{31044344-E979-4C93-B3F3-820C081A23CA}.Debug|Any CPU.Build.0 = Debug|Any CPU
		{31044344-E979-4C93-B3F3-820C081A23CA}.Release|Any CPU.ActiveCfg = Release|Any CPU
		{31044344-E979-4C93-B3F3-820C081A23CA}.Release|Any CPU.Build.0 = Release|Any CPU
		{79F1773F-BA81-42B8-8D10-281DD43A1B2A}.Debug|Any CPU.ActiveCfg = Debug|Any CPU
		{79F1773F-BA81-42B8-8D10-281DD43A1B2A}.Debug|Any CPU.Build.0 = Debug|Any CPU
		{79F1773F-BA81-42B8-8D10-281DD43A1B2A}.Release|Any CPU.ActiveCfg = Release|Any CPU
		{79F1773F-BA81-42B8-8D10-281DD43A1B2A}.Release|Any CPU.Build.0 = Release|Any CPU
		{1EFE5124-221E-499D-9216-345BE13F46D5}.Debug|Any CPU.ActiveCfg = Debug|Any CPU
		{1EFE5124-221E-499D-9216-345BE13F46D5}.Debug|Any CPU.Build.0 = Debug|Any CPU
		{1EFE5124-221E-499D-9216-345BE13F46D5}.Release|Any CPU.ActiveCfg = Release|Any CPU
		{1EFE5124-221E-499D-9216-345BE13F46D5}.Release|Any CPU.Build.0 = Release|Any CPU
	EndGlobalSection
	GlobalSection(SolutionProperties) = preSolution
		HideSolutionNode = FALSE
	EndGlobalSection
	GlobalSection(ExtensibilityGlobals) = postSolution
		SolutionGuid = {84F0E3B7-D924-45BB-90E8-AF659F7201DD}
	EndGlobalSection
EndGlobal
